
Microsoft Visual Studio Solution File, Format Version 12.00
# Visual Studio 15
VisualStudioVersion = 15.0.28307.1525
MinimumVisualStudioVersion = 10.0.40219.1
Project("{8BC9CEB8-8B4A-11D0-8D11-00A0C91BC942}") = "Sandbox", "Sandbox\Sandbox.vcxproj", "{C14DE6D6-0407-41FA-A451-558CB1389F31}"
EndProject
Project("{8BC9CEB8-8B4A-11D0-8D11-00A0C91BC942}") = "Charlie", "Charlie\Charlie.vcxproj", "{65E6E200-5EEB-4BF6-9D87-BFE859D6C8F5}"
EndProject
Global
	GlobalSection(SolutionConfigurationPlatforms) = preSolution
		Debug|x64 = Debug|x64
		Release|x64 = Release|x64
	EndGlobalSection
	GlobalSection(ProjectConfigurationPlatforms) = postSolution
		{65E6E200-5EEB-4BF6-9D87-BFE859D6C8F5}.Debug|x64.ActiveCfg = Debug|x64
		{65E6E200-5EEB-4BF6-9D87-BFE859D6C8F5}.Debug|x64.Build.0 = Debug|x64
		{65E6E200-5EEB-4BF6-9D87-BFE859D6C8F5}.Release|x64.ActiveCfg = Release|x64
		{65E6E200-5EEB-4BF6-9D87-BFE859D6C8F5}.Release|x64.Build.0 = Release|x64
		{C14DE6D6-0407-41FA-A451-558CB1389F31}.Debug|x64.ActiveCfg = Debug|x64
		{C14DE6D6-0407-41FA-A451-558CB1389F31}.Debug|x64.Build.0 = Debug|x64
		{C14DE6D6-0407-41FA-A451-558CB1389F31}.Release|x64.ActiveCfg = Release|x64
		{C14DE6D6-0407-41FA-A451-558CB1389F31}.Release|x64.Build.0 = Release|x64
	EndGlobalSection
	GlobalSection(SolutionProperties) = preSolution
		HideSolutionNode = FALSE
	EndGlobalSection
	GlobalSection(ExtensibilityGlobals) = postSolution
		SolutionGuid = {27C1F5F5-38D3-42B4-819E-B06B7FB4D38D}
	EndGlobalSection
EndGlobal
